// !$*UTF8*$!
{
	archiveVersion = 1;
	classes = {
	};
	objectVersion = 55;
	objects = {

/* Begin PBXBuildFile section */
		35F5F90528AA47060031FC3D /* War_Card_GameApp.swift in Sources */ = {isa = PBXBuildFile; fileRef = 35F5F90428AA47060031FC3D /* War_Card_GameApp.swift */; };
		35F5F90728AA47060031FC3D /* ContentView.swift in Sources */ = {isa = PBXBuildFile; fileRef = 35F5F90628AA47060031FC3D /* ContentView.swift */; };
		35F5F90928AA47070031FC3D /* Assets.xcassets in Resources */ = {isa = PBXBuildFile; fileRef = 35F5F90828AA47070031FC3D /* Assets.xcassets */; };
		35F5F90C28AA47070031FC3D /* Preview Assets.xcassets in Resources */ = {isa = PBXBuildFile; fileRef = 35F5F90B28AA47070031FC3D /* Preview Assets.xcassets */; };
		35F5F94528AB7D9A0031FC3D /* card8@2x.png in Resources */ = {isa = PBXBuildFile; fileRef = 35F5F91228AB7D990031FC3D /* card8@2x.png */; };
		35F5F94628AB7D9A0031FC3D /* card11@2x.png in Resources */ = {isa = PBXBuildFile; fileRef = 35F5F91328AB7D990031FC3D /* card11@2x.png */; };
		35F5F94728AB7D9A0031FC3D /* card6.png in Resources */ = {isa = PBXBuildFile; fileRef = 35F5F91428AB7D990031FC3D /* card6.png */; };
		35F5F94828AB7D9A0031FC3D /* card6@3x.png in Resources */ = {isa = PBXBuildFile; fileRef = 35F5F91528AB7D990031FC3D /* card6@3x.png */; };
		35F5F94928AB7D9A0031FC3D /* card14@2x.png in Resources */ = {isa = PBXBuildFile; fileRef = 35F5F91628AB7D990031FC3D /* card14@2x.png */; };
		35F5F94A28AB7D9A0031FC3D /* card11@3x.png in Resources */ = {isa = PBXBuildFile; fileRef = 35F5F91728AB7D990031FC3D /* card11@3x.png */; };
		35F5F94B28AB7D9A0031FC3D /* card10.png in Resources */ = {isa = PBXBuildFile; fileRef = 35F5F91828AB7D990031FC3D /* card10.png */; };
		35F5F94C28AB7D9A0031FC3D /* background@3x.jpg in Resources */ = {isa = PBXBuildFile; fileRef = 35F5F91928AB7D990031FC3D /* background@3x.jpg */; };
		35F5F94D28AB7D9A0031FC3D /* back@2x.png in Resources */ = {isa = PBXBuildFile; fileRef = 35F5F91A28AB7D990031FC3D /* back@2x.png */; };
		35F5F94E28AB7D9A0031FC3D /* logo@2x.png in Resources */ = {isa = PBXBuildFile; fileRef = 35F5F91B28AB7D990031FC3D /* logo@2x.png */; };
		35F5F94F28AB7D9A0031FC3D /* dealbutton@3x.png in Resources */ = {isa = PBXBuildFile; fileRef = 35F5F91C28AB7D990031FC3D /* dealbutton@3x.png */; };
		35F5F95028AB7D9A0031FC3D /* card3@3x.png in Resources */ = {isa = PBXBuildFile; fileRef = 35F5F91D28AB7D990031FC3D /* card3@3x.png */; };
		35F5F95128AB7D9A0031FC3D /* logo.png in Resources */ = {isa = PBXBuildFile; fileRef = 35F5F91E28AB7D990031FC3D /* logo.png */; };
		35F5F95228AB7D9A0031FC3D /* card12@3x.png in Resources */ = {isa = PBXBuildFile; fileRef = 35F5F91F28AB7D990031FC3D /* card12@3x.png */; };
		35F5F95328AB7D9A0031FC3D /* card4@3x.png in Resources */ = {isa = PBXBuildFile; fileRef = 35F5F92028AB7D990031FC3D /* card4@3x.png */; };
		35F5F95428AB7D9A0031FC3D /* card9.png in Resources */ = {isa = PBXBuildFile; fileRef = 35F5F92128AB7D990031FC3D /* card9.png */; };
		35F5F95528AB7D9A0031FC3D /* background.jpg in Resources */ = {isa = PBXBuildFile; fileRef = 35F5F92228AB7D990031FC3D /* background.jpg */; };
		35F5F95628AB7D9A0031FC3D /* background@2x.jpg in Resources */ = {isa = PBXBuildFile; fileRef = 35F5F92328AB7D990031FC3D /* background@2x.jpg */; };
		35F5F95728AB7D9A0031FC3D /* card2.png in Resources */ = {isa = PBXBuildFile; fileRef = 35F5F92428AB7D990031FC3D /* card2.png */; };
		35F5F95828AB7D9A0031FC3D /* card2@2x.png in Resources */ = {isa = PBXBuildFile; fileRef = 35F5F92528AB7D990031FC3D /* card2@2x.png */; };
		35F5F95928AB7D9A0031FC3D /* logo@3x.png in Resources */ = {isa = PBXBuildFile; fileRef = 35F5F92628AB7D990031FC3D /* logo@3x.png */; };
		35F5F95A28AB7D9A0031FC3D /* dealbutton@2x.png in Resources */ = {isa = PBXBuildFile; fileRef = 35F5F92728AB7D990031FC3D /* dealbutton@2x.png */; };
		35F5F95B28AB7D9A0031FC3D /* card5@3x.png in Resources */ = {isa = PBXBuildFile; fileRef = 35F5F92828AB7D990031FC3D /* card5@3x.png */; };
		35F5F95C28AB7D9A0031FC3D /* card5.png in Resources */ = {isa = PBXBuildFile; fileRef = 35F5F92928AB7D990031FC3D /* card5.png */; };
		35F5F95D28AB7D9A0031FC3D /* card13.png in Resources */ = {isa = PBXBuildFile; fileRef = 35F5F92A28AB7D990031FC3D /* card13.png */; };
		35F5F95E28AB7D9A0031FC3D /* dealbutton.png in Resources */ = {isa = PBXBuildFile; fileRef = 35F5F92B28AB7D990031FC3D /* dealbutton.png */; };
		35F5F95F28AB7D9A0031FC3D /* card12@2x.png in Resources */ = {isa = PBXBuildFile; fileRef = 35F5F92C28AB7D990031FC3D /* card12@2x.png */; };
		35F5F96028AB7D9A0031FC3D /* card7@2x.png in Resources */ = {isa = PBXBuildFile; fileRef = 35F5F92D28AB7D990031FC3D /* card7@2x.png */; };
		35F5F96128AB7D9A0031FC3D /* card4@2x.png in Resources */ = {isa = PBXBuildFile; fileRef = 35F5F92E28AB7D990031FC3D /* card4@2x.png */; };
		35F5F96228AB7D9A0031FC3D /* back.png in Resources */ = {isa = PBXBuildFile; fileRef = 35F5F92F28AB7D990031FC3D /* back.png */; };
		35F5F96328AB7D9A0031FC3D /* card10@2x.png in Resources */ = {isa = PBXBuildFile; fileRef = 35F5F93028AB7D990031FC3D /* card10@2x.png */; };
		35F5F96428AB7D9A0031FC3D /* card5@2x.png in Resources */ = {isa = PBXBuildFile; fileRef = 35F5F93128AB7D990031FC3D /* card5@2x.png */; };
		35F5F96528AB7D9A0031FC3D /* card14.png in Resources */ = {isa = PBXBuildFile; fileRef = 35F5F93228AB7D990031FC3D /* card14.png */; };
		35F5F96628AB7D9A0031FC3D /* card12.png in Resources */ = {isa = PBXBuildFile; fileRef = 35F5F93328AB7D990031FC3D /* card12.png */; };
		35F5F96728AB7D9A0031FC3D /* card10@3x.png in Resources */ = {isa = PBXBuildFile; fileRef = 35F5F93428AB7D990031FC3D /* card10@3x.png */; };
		35F5F96828AB7D9A0031FC3D /* card8.png in Resources */ = {isa = PBXBuildFile; fileRef = 35F5F93528AB7D990031FC3D /* card8.png */; };
		35F5F96928AB7D9A0031FC3D /* card11.png in Resources */ = {isa = PBXBuildFile; fileRef = 35F5F93628AB7D990031FC3D /* card11.png */; };
		35F5F96A28AB7D9A0031FC3D /* card6@2x.png in Resources */ = {isa = PBXBuildFile; fileRef = 35F5F93728AB7D990031FC3D /* card6@2x.png */; };
		35F5F96B28AB7D9A0031FC3D /* card13@3x.png in Resources */ = {isa = PBXBuildFile; fileRef = 35F5F93828AB7D990031FC3D /* card13@3x.png */; };
		35F5F96C28AB7D9A0031FC3D /* card7@3x.png in Resources */ = {isa = PBXBuildFile; fileRef = 35F5F93928AB7D990031FC3D /* card7@3x.png */; };
		35F5F96D28AB7D9A0031FC3D /* card14@3x.png in Resources */ = {isa = PBXBuildFile; fileRef = 35F5F93A28AB7D990031FC3D /* card14@3x.png */; };
		35F5F96E28AB7D9A0031FC3D /* card8@3x.png in Resources */ = {isa = PBXBuildFile; fileRef = 35F5F93B28AB7D990031FC3D /* card8@3x.png */; };
		35F5F96F28AB7D9A0031FC3D /* card13@2x.png in Resources */ = {isa = PBXBuildFile; fileRef = 35F5F93C28AB7D990031FC3D /* card13@2x.png */; };
		35F5F97028AB7D9A0031FC3D /* card4.png in Resources */ = {isa = PBXBuildFile; fileRef = 35F5F93D28AB7D990031FC3D /* card4.png */; };
		35F5F97128AB7D9A0031FC3D /* card3.png in Resources */ = {isa = PBXBuildFile; fileRef = 35F5F93E28AB7D9A0031FC3D /* card3.png */; };
		35F5F97228AB7D9A0031FC3D /* card3@2x.png in Resources */ = {isa = PBXBuildFile; fileRef = 35F5F93F28AB7D9A0031FC3D /* card3@2x.png */; };
		35F5F97328AB7D9A0031FC3D /* back@3x.png in Resources */ = {isa = PBXBuildFile; fileRef = 35F5F94028AB7D9A0031FC3D /* back@3x.png */; };
		35F5F97428AB7D9A0031FC3D /* card9@2x.png in Resources */ = {isa = PBXBuildFile; fileRef = 35F5F94128AB7D9A0031FC3D /* card9@2x.png */; };
		35F5F97528AB7D9A0031FC3D /* card2@3x.png in Resources */ = {isa = PBXBuildFile; fileRef = 35F5F94228AB7D9A0031FC3D /* card2@3x.png */; };
		35F5F97628AB7D9A0031FC3D /* card9@3x.png in Resources */ = {isa = PBXBuildFile; fileRef = 35F5F94328AB7D9A0031FC3D /* card9@3x.png */; };
		35F5F97728AB7D9A0031FC3D /* card7.png in Resources */ = {isa = PBXBuildFile; fileRef = 35F5F94428AB7D9A0031FC3D /* card7.png */; };
/* End PBXBuildFile section */

/* Begin PBXFileReference section */
		35F5F90128AA47060031FC3D /* War Card Game.app */ = {isa = PBXFileReference; explicitFileType = wrapper.application; includeInIndex = 0; path = "War Card Game.app"; sourceTree = BUILT_PRODUCTS_DIR; };
		35F5F90428AA47060031FC3D /* War_Card_GameApp.swift */ = {isa = PBXFileReference; lastKnownFileType = sourcecode.swift; path = War_Card_GameApp.swift; sourceTree = "<group>"; };
		35F5F90628AA47060031FC3D /* ContentView.swift */ = {isa = PBXFileReference; lastKnownFileType = sourcecode.swift; path = ContentView.swift; sourceTree = "<group>"; };
		35F5F90828AA47070031FC3D /* Assets.xcassets */ = {isa = PBXFileReference; lastKnownFileType = folder.assetcatalog; path = Assets.xcassets; sourceTree = "<group>"; };
		35F5F90B28AA47070031FC3D /* Preview Assets.xcassets */ = {isa = PBXFileReference; lastKnownFileType = folder.assetcatalog; path = "Preview Assets.xcassets"; sourceTree = "<group>"; };
		35F5F91228AB7D990031FC3D /* card8@2x.png */ = {isa = PBXFileReference; lastKnownFileType = image.png; path = "card8@2x.png"; sourceTree = "<group>"; };
		35F5F91328AB7D990031FC3D /* card11@2x.png */ = {isa = PBXFileReference; lastKnownFileType = image.png; path = "card11@2x.png"; sourceTree = "<group>"; };
		35F5F91428AB7D990031FC3D /* card6.png */ = {isa = PBXFileReference; lastKnownFileType = image.png; path = card6.png; sourceTree = "<group>"; };
		35F5F91528AB7D990031FC3D /* card6@3x.png */ = {isa = PBXFileReference; lastKnownFileType = image.png; path = "card6@3x.png"; sourceTree = "<group>"; };
		35F5F91628AB7D990031FC3D /* card14@2x.png */ = {isa = PBXFileReference; lastKnownFileType = image.png; path = "card14@2x.png"; sourceTree = "<group>"; };
		35F5F91728AB7D990031FC3D /* card11@3x.png */ = {isa = PBXFileReference; lastKnownFileType = image.png; path = "card11@3x.png"; sourceTree = "<group>"; };
		35F5F91828AB7D990031FC3D /* card10.png */ = {isa = PBXFileReference; lastKnownFileType = image.png; path = card10.png; sourceTree = "<group>"; };
		35F5F91928AB7D990031FC3D /* background@3x.jpg */ = {isa = PBXFileReference; lastKnownFileType = image.jpeg; path = "background@3x.jpg"; sourceTree = "<group>"; };
		35F5F91A28AB7D990031FC3D /* back@2x.png */ = {isa = PBXFileReference; lastKnownFileType = image.png; path = "back@2x.png"; sourceTree = "<group>"; };
		35F5F91B28AB7D990031FC3D /* logo@2x.png */ = {isa = PBXFileReference; lastKnownFileType = image.png; path = "logo@2x.png"; sourceTree = "<group>"; };
		35F5F91C28AB7D990031FC3D /* dealbutton@3x.png */ = {isa = PBXFileReference; lastKnownFileType = image.png; path = "dealbutton@3x.png"; sourceTree = "<group>"; };
		35F5F91D28AB7D990031FC3D /* card3@3x.png */ = {isa = PBXFileReference; lastKnownFileType = image.png; path = "card3@3x.png"; sourceTree = "<group>"; };
		35F5F91E28AB7D990031FC3D /* logo.png */ = {isa = PBXFileReference; lastKnownFileType = image.png; path = logo.png; sourceTree = "<group>"; };
		35F5F91F28AB7D990031FC3D /* card12@3x.png */ = {isa = PBXFileReference; lastKnownFileType = image.png; path = "card12@3x.png"; sourceTree = "<group>"; };
		35F5F92028AB7D990031FC3D /* card4@3x.png */ = {isa = PBXFileReference; lastKnownFileType = image.png; path = "card4@3x.png"; sourceTree = "<group>"; };
		35F5F92128AB7D990031FC3D /* card9.png */ = {isa = PBXFileReference; lastKnownFileType = image.png; path = card9.png; sourceTree = "<group>"; };
		35F5F92228AB7D990031FC3D /* background.jpg */ = {isa = PBXFileReference; lastKnownFileType = image.jpeg; path = background.jpg; sourceTree = "<group>"; };
		35F5F92328AB7D990031FC3D /* background@2x.jpg */ = {isa = PBXFileReference; lastKnownFileType = image.jpeg; path = "background@2x.jpg"; sourceTree = "<group>"; };
		35F5F92428AB7D990031FC3D /* card2.png */ = {isa = PBXFileReference; lastKnownFileType = image.png; path = card2.png; sourceTree = "<group>"; };
		35F5F92528AB7D990031FC3D /* card2@2x.png */ = {isa = PBXFileReference; lastKnownFileType = image.png; path = "card2@2x.png"; sourceTree = "<group>"; };
		35F5F92628AB7D990031FC3D /* logo@3x.png */ = {isa = PBXFileReference; lastKnownFileType = image.png; path = "logo@3x.png"; sourceTree = "<group>"; };
		35F5F92728AB7D990031FC3D /* dealbutton@2x.png */ = {isa = PBXFileReference; lastKnownFileType = image.png; path = "dealbutton@2x.png"; sourceTree = "<group>"; };
		35F5F92828AB7D990031FC3D /* card5@3x.png */ = {isa = PBXFileReference; lastKnownFileType = image.png; path = "card5@3x.png"; sourceTree = "<group>"; };
		35F5F92928AB7D990031FC3D /* card5.png */ = {isa = PBXFileReference; lastKnownFileType = image.png; path = card5.png; sourceTree = "<group>"; };
		35F5F92A28AB7D990031FC3D /* card13.png */ = {isa = PBXFileReference; lastKnownFileType = image.png; path = card13.png; sourceTree = "<group>"; };
		35F5F92B28AB7D990031FC3D /* dealbutton.png */ = {isa = PBXFileReference; lastKnownFileType = image.png; path = dealbutton.png; sourceTree = "<group>"; };
		35F5F92C28AB7D990031FC3D /* card12@2x.png */ = {isa = PBXFileReference; lastKnownFileType = image.png; path = "card12@2x.png"; sourceTree = "<group>"; };
		35F5F92D28AB7D990031FC3D /* card7@2x.png */ = {isa = PBXFileReference; lastKnownFileType = image.png; path = "card7@2x.png"; sourceTree = "<group>"; };
		35F5F92E28AB7D990031FC3D /* card4@2x.png */ = {isa = PBXFileReference; lastKnownFileType = image.png; path = "card4@2x.png"; sourceTree = "<group>"; };
		35F5F92F28AB7D990031FC3D /* back.png */ = {isa = PBXFileReference; lastKnownFileType = image.png; path = back.png; sourceTree = "<group>"; };
		35F5F93028AB7D990031FC3D /* card10@2x.png */ = {isa = PBXFileReference; lastKnownFileType = image.png; path = "card10@2x.png"; sourceTree = "<group>"; };
		35F5F93128AB7D990031FC3D /* card5@2x.png */ = {isa = PBXFileReference; lastKnownFileType = image.png; path = "card5@2x.png"; sourceTree = "<group>"; };
		35F5F93228AB7D990031FC3D /* card14.png */ = {isa = PBXFileReference; lastKnownFileType = image.png; path = card14.png; sourceTree = "<group>"; };
		35F5F93328AB7D990031FC3D /* card12.png */ = {isa = PBXFileReference; lastKnownFileType = image.png; path = card12.png; sourceTree = "<group>"; };
		35F5F93428AB7D990031FC3D /* card10@3x.png */ = {isa = PBXFileReference; lastKnownFileType = image.png; path = "card10@3x.png"; sourceTree = "<group>"; };
		35F5F93528AB7D990031FC3D /* card8.png */ = {isa = PBXFileReference; lastKnownFileType = image.png; path = card8.png; sourceTree = "<group>"; };
		35F5F93628AB7D990031FC3D /* card11.png */ = {isa = PBXFileReference; lastKnownFileType = image.png; path = card11.png; sourceTree = "<group>"; };
		35F5F93728AB7D990031FC3D /* card6@2x.png */ = {isa = PBXFileReference; lastKnownFileType = image.png; path = "card6@2x.png"; sourceTree = "<group>"; };
		35F5F93828AB7D990031FC3D /* card13@3x.png */ = {isa = PBXFileReference; lastKnownFileType = image.png; path = "card13@3x.png"; sourceTree = "<group>"; };
		35F5F93928AB7D990031FC3D /* card7@3x.png */ = {isa = PBXFileReference; lastKnownFileType = image.png; path = "card7@3x.png"; sourceTree = "<group>"; };
		35F5F93A28AB7D990031FC3D /* card14@3x.png */ = {isa = PBXFileReference; lastKnownFileType = image.png; path = "card14@3x.png"; sourceTree = "<group>"; };
		35F5F93B28AB7D990031FC3D /* card8@3x.png */ = {isa = PBXFileReference; lastKnownFileType = image.png; path = "card8@3x.png"; sourceTree = "<group>"; };
		35F5F93C28AB7D990031FC3D /* card13@2x.png */ = {isa = PBXFileReference; lastKnownFileType = image.png; path = "card13@2x.png"; sourceTree = "<group>"; };
		35F5F93D28AB7D990031FC3D /* card4.png */ = {isa = PBXFileReference; lastKnownFileType = image.png; path = card4.png; sourceTree = "<group>"; };
		35F5F93E28AB7D9A0031FC3D /* card3.png */ = {isa = PBXFileReference; lastKnownFileType = image.png; path = card3.png; sourceTree = "<group>"; };
		35F5F93F28AB7D9A0031FC3D /* card3@2x.png */ = {isa = PBXFileReference; lastKnownFileType = image.png; path = "card3@2x.png"; sourceTree = "<group>"; };
		35F5F94028AB7D9A0031FC3D /* back@3x.png */ = {isa = PBXFileReference; lastKnownFileType = image.png; path = "back@3x.png"; sourceTree = "<group>"; };
		35F5F94128AB7D9A0031FC3D /* card9@2x.png */ = {isa = PBXFileReference; lastKnownFileType = image.png; path = "card9@2x.png"; sourceTree = "<group>"; };
		35F5F94228AB7D9A0031FC3D /* card2@3x.png */ = {isa = PBXFileReference; lastKnownFileType = image.png; path = "card2@3x.png"; sourceTree = "<group>"; };
		35F5F94328AB7D9A0031FC3D /* card9@3x.png */ = {isa = PBXFileReference; lastKnownFileType = image.png; path = "card9@3x.png"; sourceTree = "<group>"; };
		35F5F94428AB7D9A0031FC3D /* card7.png */ = {isa = PBXFileReference; lastKnownFileType = image.png; path = card7.png; sourceTree = "<group>"; };
/* End PBXFileReference section */

/* Begin PBXFrameworksBuildPhase section */
		35F5F8FE28AA47060031FC3D /* Frameworks */ = {
			isa = PBXFrameworksBuildPhase;
			buildActionMask = 2147483647;
			files = (
			);
			runOnlyForDeploymentPostprocessing = 0;
		};
/* End PBXFrameworksBuildPhase section */

/* Begin PBXGroup section */
		35F5F8F828AA47060031FC3D = {
			isa = PBXGroup;
			children = (
				35F5F90328AA47060031FC3D /* War Card Game */,
				35F5F90228AA47060031FC3D /* Products */,
			);
			sourceTree = "<group>";
		};
		35F5F90228AA47060031FC3D /* Products */ = {
			isa = PBXGroup;
			children = (
				35F5F90128AA47060031FC3D /* War Card Game.app */,
			);
			name = Products;
			sourceTree = "<group>";
		};
		35F5F90328AA47060031FC3D /* War Card Game */ = {
			isa = PBXGroup;
			children = (
				35F5F90428AA47060031FC3D /* War_Card_GameApp.swift */,
				35F5F90628AA47060031FC3D /* ContentView.swift */,
				35F5F90828AA47070031FC3D /* Assets.xcassets */,
				35F5F90A28AA47070031FC3D /* Preview Content */,
			);
			path = "War Card Game";
			sourceTree = "<group>";
		};
		35F5F90A28AA47070031FC3D /* Preview Content */ = {
			isa = PBXGroup;
			children = (
				35F5F92F28AB7D990031FC3D /* back.png */,
				35F5F91A28AB7D990031FC3D /* back@2x.png */,
				35F5F94028AB7D9A0031FC3D /* back@3x.png */,
				35F5F92228AB7D990031FC3D /* background.jpg */,
				35F5F92328AB7D990031FC3D /* background@2x.jpg */,
				35F5F91928AB7D990031FC3D /* background@3x.jpg */,
				35F5F92428AB7D990031FC3D /* card2.png */,
				35F5F92528AB7D990031FC3D /* card2@2x.png */,
				35F5F94228AB7D9A0031FC3D /* card2@3x.png */,
				35F5F93E28AB7D9A0031FC3D /* card3.png */,
				35F5F93F28AB7D9A0031FC3D /* card3@2x.png */,
				35F5F91D28AB7D990031FC3D /* card3@3x.png */,
				35F5F93D28AB7D990031FC3D /* card4.png */,
				35F5F92E28AB7D990031FC3D /* card4@2x.png */,
				35F5F92028AB7D990031FC3D /* card4@3x.png */,
				35F5F92928AB7D990031FC3D /* card5.png */,
				35F5F93128AB7D990031FC3D /* card5@2x.png */,
				35F5F92828AB7D990031FC3D /* card5@3x.png */,
				35F5F91428AB7D990031FC3D /* card6.png */,
				35F5F93728AB7D990031FC3D /* card6@2x.png */,
				35F5F91528AB7D990031FC3D /* card6@3x.png */,
				35F5F94428AB7D9A0031FC3D /* card7.png */,
				35F5F92D28AB7D990031FC3D /* card7@2x.png */,
				35F5F93928AB7D990031FC3D /* card7@3x.png */,
				35F5F93528AB7D990031FC3D /* card8.png */,
				35F5F91228AB7D990031FC3D /* card8@2x.png */,
				35F5F93B28AB7D990031FC3D /* card8@3x.png */,
				35F5F92128AB7D990031FC3D /* card9.png */,
				35F5F94128AB7D9A0031FC3D /* card9@2x.png */,
				35F5F94328AB7D9A0031FC3D /* card9@3x.png */,
				35F5F91828AB7D990031FC3D /* card10.png */,
				35F5F93028AB7D990031FC3D /* card10@2x.png */,
				35F5F93428AB7D990031FC3D /* card10@3x.png */,
				35F5F93628AB7D990031FC3D /* card11.png */,
				35F5F91328AB7D990031FC3D /* card11@2x.png */,
				35F5F91728AB7D990031FC3D /* card11@3x.png */,
				35F5F93328AB7D990031FC3D /* card12.png */,
				35F5F92C28AB7D990031FC3D /* card12@2x.png */,
				35F5F91F28AB7D990031FC3D /* card12@3x.png */,
				35F5F92A28AB7D990031FC3D /* card13.png */,
				35F5F93C28AB7D990031FC3D /* card13@2x.png */,
				35F5F93828AB7D990031FC3D /* card13@3x.png */,
				35F5F93228AB7D990031FC3D /* card14.png */,
				35F5F91628AB7D990031FC3D /* card14@2x.png */,
				35F5F93A28AB7D990031FC3D /* card14@3x.png */,
				35F5F92B28AB7D990031FC3D /* dealbutton.png */,
				35F5F92728AB7D990031FC3D /* dealbutton@2x.png */,
				35F5F91C28AB7D990031FC3D /* dealbutton@3x.png */,
				35F5F91E28AB7D990031FC3D /* logo.png */,
				35F5F91B28AB7D990031FC3D /* logo@2x.png */,
				35F5F92628AB7D990031FC3D /* logo@3x.png */,
				35F5F90B28AA47070031FC3D /* Preview Assets.xcassets */,
			);
			path = "Preview Content";
			sourceTree = "<group>";
		};
/* End PBXGroup section */

/* Begin PBXNativeTarget section */
		35F5F90028AA47060031FC3D /* War Card Game */ = {
			isa = PBXNativeTarget;
			buildConfigurationList = 35F5F90F28AA47070031FC3D /* Build configuration list for PBXNativeTarget "War Card Game" */;
			buildPhases = (
				35F5F8FD28AA47060031FC3D /* Sources */,
				35F5F8FE28AA47060031FC3D /* Frameworks */,
				35F5F8FF28AA47060031FC3D /* Resources */,
			);
			buildRules = (
			);
			dependencies = (
			);
			name = "War Card Game";
			productName = "War Card Game";
			productReference = 35F5F90128AA47060031FC3D /* War Card Game.app */;
			productType = "com.apple.product-type.application";
		};
/* End PBXNativeTarget section */

/* Begin PBXProject section */
		35F5F8F928AA47060031FC3D /* Project object */ = {
			isa = PBXProject;
			attributes = {
				BuildIndependentTargetsInParallel = 1;
				LastSwiftUpdateCheck = 1340;
				LastUpgradeCheck = 1340;
				TargetAttributes = {
					35F5F90028AA47060031FC3D = {
						CreatedOnToolsVersion = 13.4.1;
					};
				};
			};
			buildConfigurationList = 35F5F8FC28AA47060031FC3D /* Build configuration list for PBXProject "War Card Game" */;
			compatibilityVersion = "Xcode 13.0";
			developmentRegion = en;
			hasScannedForEncodings = 0;
			knownRegions = (
				en,
				Base,
			);
			mainGroup = 35F5F8F828AA47060031FC3D;
			productRefGroup = 35F5F90228AA47060031FC3D /* Products */;
			projectDirPath = "";
			projectRoot = "";
			targets = (
				35F5F90028AA47060031FC3D /* War Card Game */,
			);
		};
/* End PBXProject section */

/* Begin PBXResourcesBuildPhase section */
		35F5F8FF28AA47060031FC3D /* Resources */ = {
			isa = PBXResourcesBuildPhase;
			buildActionMask = 2147483647;
			files = (
				35F5F96128AB7D9A0031FC3D /* card4@2x.png in Resources */,
				35F5F96328AB7D9A0031FC3D /* card10@2x.png in Resources */,
				35F5F95A28AB7D9A0031FC3D /* dealbutton@2x.png in Resources */,
				35F5F96528AB7D9A0031FC3D /* card14.png in Resources */,
				35F5F94F28AB7D9A0031FC3D /* dealbutton@3x.png in Resources */,
				35F5F97728AB7D9A0031FC3D /* card7.png in Resources */,
				35F5F95928AB7D9A0031FC3D /* logo@3x.png in Resources */,
				35F5F94D28AB7D9A0031FC3D /* back@2x.png in Resources */,
				35F5F94E28AB7D9A0031FC3D /* logo@2x.png in Resources */,
				35F5F96E28AB7D9A0031FC3D /* card8@3x.png in Resources */,
				35F5F96828AB7D9A0031FC3D /* card8.png in Resources */,
				35F5F90C28AA47070031FC3D /* Preview Assets.xcassets in Resources */,
				35F5F96D28AB7D9A0031FC3D /* card14@3x.png in Resources */,
				35F5F96428AB7D9A0031FC3D /* card5@2x.png in Resources */,
				35F5F94528AB7D9A0031FC3D /* card8@2x.png in Resources */,
				35F5F94628AB7D9A0031FC3D /* card11@2x.png in Resources */,
				35F5F94C28AB7D9A0031FC3D /* background@3x.jpg in Resources */,
				35F5F95428AB7D9A0031FC3D /* card9.png in Resources */,
				35F5F94728AB7D9A0031FC3D /* card6.png in Resources */,
				35F5F96228AB7D9A0031FC3D /* back.png in Resources */,
				35F5F96A28AB7D9A0031FC3D /* card6@2x.png in Resources */,
				35F5F95228AB7D9A0031FC3D /* card12@3x.png in Resources */,
				35F5F97628AB7D9A0031FC3D /* card9@3x.png in Resources */,
				35F5F95B28AB7D9A0031FC3D /* card5@3x.png in Resources */,
				35F5F96928AB7D9A0031FC3D /* card11.png in Resources */,
				35F5F96628AB7D9A0031FC3D /* card12.png in Resources */,
				35F5F95F28AB7D9A0031FC3D /* card12@2x.png in Resources */,
				35F5F95728AB7D9A0031FC3D /* card2.png in Resources */,
				35F5F97528AB7D9A0031FC3D /* card2@3x.png in Resources */,
				35F5F95328AB7D9A0031FC3D /* card4@3x.png in Resources */,
				35F5F96C28AB7D9A0031FC3D /* card7@3x.png in Resources */,
				35F5F97028AB7D9A0031FC3D /* card4.png in Resources */,
				35F5F94828AB7D9A0031FC3D /* card6@3x.png in Resources */,
				35F5F90928AA47070031FC3D /* Assets.xcassets in Resources */,
				35F5F94928AB7D9A0031FC3D /* card14@2x.png in Resources */,
				35F5F97328AB7D9A0031FC3D /* back@3x.png in Resources */,
				35F5F95128AB7D9A0031FC3D /* logo.png in Resources */,
				35F5F95E28AB7D9A0031FC3D /* dealbutton.png in Resources */,
				35F5F95C28AB7D9A0031FC3D /* card5.png in Resources */,
				35F5F96028AB7D9A0031FC3D /* card7@2x.png in Resources */,
				35F5F95028AB7D9A0031FC3D /* card3@3x.png in Resources */,
				35F5F96B28AB7D9A0031FC3D /* card13@3x.png in Resources */,
				35F5F97228AB7D9A0031FC3D /* card3@2x.png in Resources */,
				35F5F97128AB7D9A0031FC3D /* card3.png in Resources */,
				35F5F95828AB7D9A0031FC3D /* card2@2x.png in Resources */,
				35F5F94A28AB7D9A0031FC3D /* card11@3x.png in Resources */,
				35F5F95D28AB7D9A0031FC3D /* card13.png in Resources */,
				35F5F95528AB7D9A0031FC3D /* background.jpg in Resources */,
				35F5F96F28AB7D9A0031FC3D /* card13@2x.png in Resources */,
				35F5F97428AB7D9A0031FC3D /* card9@2x.png in Resources */,
				35F5F95628AB7D9A0031FC3D /* background@2x.jpg in Resources */,
				35F5F96728AB7D9A0031FC3D /* card10@3x.png in Resources */,
				35F5F94B28AB7D9A0031FC3D /* card10.png in Resources */,
			);
			runOnlyForDeploymentPostprocessing = 0;
		};
/* End PBXResourcesBuildPhase section */

/* Begin PBXSourcesBuildPhase section */
		35F5F8FD28AA47060031FC3D /* Sources */ = {
			isa = PBXSourcesBuildPhase;
			buildActionMask = 2147483647;
			files = (
				35F5F90728AA47060031FC3D /* ContentView.swift in Sources */,
				35F5F90528AA47060031FC3D /* War_Card_GameApp.swift in Sources */,
			);
			runOnlyForDeploymentPostprocessing = 0;
		};
/* End PBXSourcesBuildPhase section */

/* Begin XCBuildConfiguration section */
		35F5F90D28AA47070031FC3D /* Debug */ = {
			isa = XCBuildConfiguration;
			buildSettings = {
				ALWAYS_SEARCH_USER_PATHS = NO;
				CLANG_ANALYZER_NONNULL = YES;
				CLANG_ANALYZER_NUMBER_OBJECT_CONVERSION = YES_AGGRESSIVE;
				CLANG_CXX_LANGUAGE_STANDARD = "gnu++17";
				CLANG_ENABLE_MODULES = YES;
				CLANG_ENABLE_OBJC_ARC = YES;
				CLANG_ENABLE_OBJC_WEAK = YES;
				CLANG_WARN_BLOCK_CAPTURE_AUTORELEASING = YES;
				CLANG_WARN_BOOL_CONVERSION = YES;
				CLANG_WARN_COMMA = YES;
				CLANG_WARN_CONSTANT_CONVERSION = YES;
				CLANG_WARN_DEPRECATED_OBJC_IMPLEMENTATIONS = YES;
				CLANG_WARN_DIRECT_OBJC_ISA_USAGE = YES_ERROR;
				CLANG_WARN_DOCUMENTATION_COMMENTS = YES;
				CLANG_WARN_EMPTY_BODY = YES;
				CLANG_WARN_ENUM_CONVERSION = YES;
				CLANG_WARN_INFINITE_RECURSION = YES;
				CLANG_WARN_INT_CONVERSION = YES;
				CLANG_WARN_NON_LITERAL_NULL_CONVERSION = YES;
				CLANG_WARN_OBJC_IMPLICIT_RETAIN_SELF = YES;
				CLANG_WARN_OBJC_LITERAL_CONVERSION = YES;
				CLANG_WARN_OBJC_ROOT_CLASS = YES_ERROR;
				CLANG_WARN_QUOTED_INCLUDE_IN_FRAMEWORK_HEADER = YES;
				CLANG_WARN_RANGE_LOOP_ANALYSIS = YES;
				CLANG_WARN_STRICT_PROTOTYPES = YES;
				CLANG_WARN_SUSPICIOUS_MOVE = YES;
				CLANG_WARN_UNGUARDED_AVAILABILITY = YES_AGGRESSIVE;
				CLANG_WARN_UNREACHABLE_CODE = YES;
				CLANG_WARN__DUPLICATE_METHOD_MATCH = YES;
				COPY_PHASE_STRIP = NO;
				DEBUG_INFORMATION_FORMAT = dwarf;
				ENABLE_STRICT_OBJC_MSGSEND = YES;
				ENABLE_TESTABILITY = YES;
				GCC_C_LANGUAGE_STANDARD = gnu11;
				GCC_DYNAMIC_NO_PIC = NO;
				GCC_NO_COMMON_BLOCKS = YES;
				GCC_OPTIMIZATION_LEVEL = 0;
				GCC_PREPROCESSOR_DEFINITIONS = (
					"DEBUG=1",
					"$(inherited)",
				);
				GCC_WARN_64_TO_32_BIT_CONVERSION = YES;
				GCC_WARN_ABOUT_RETURN_TYPE = YES_ERROR;
				GCC_WARN_UNDECLARED_SELECTOR = YES;
				GCC_WARN_UNINITIALIZED_AUTOS = YES_AGGRESSIVE;
				GCC_WARN_UNUSED_FUNCTION = YES;
				GCC_WARN_UNUSED_VARIABLE = YES;
				IPHONEOS_DEPLOYMENT_TARGET = 15.5;
				MTL_ENABLE_DEBUG_INFO = INCLUDE_SOURCE;
				MTL_FAST_MATH = YES;
				ONLY_ACTIVE_ARCH = YES;
				SDKROOT = iphoneos;
				SWIFT_ACTIVE_COMPILATION_CONDITIONS = DEBUG;
				SWIFT_OPTIMIZATION_LEVEL = "-Onone";
			};
			name = Debug;
		};
		35F5F90E28AA47070031FC3D /* Release */ = {
			isa = XCBuildConfiguration;
			buildSettings = {
				ALWAYS_SEARCH_USER_PATHS = NO;
				CLANG_ANALYZER_NONNULL = YES;
				CLANG_ANALYZER_NUMBER_OBJECT_CONVERSION = YES_AGGRESSIVE;
				CLANG_CXX_LANGUAGE_STANDARD = "gnu++17";
				CLANG_ENABLE_MODULES = YES;
				CLANG_ENABLE_OBJC_ARC = YES;
				CLANG_ENABLE_OBJC_WEAK = YES;
				CLANG_WARN_BLOCK_CAPTURE_AUTORELEASING = YES;
				CLANG_WARN_BOOL_CONVERSION = YES;
				CLANG_WARN_COMMA = YES;
				CLANG_WARN_CONSTANT_CONVERSION = YES;
				CLANG_WARN_DEPRECATED_OBJC_IMPLEMENTATIONS = YES;
				CLANG_WARN_DIRECT_OBJC_ISA_USAGE = YES_ERROR;
				CLANG_WARN_DOCUMENTATION_COMMENTS = YES;
				CLANG_WARN_EMPTY_BODY = YES;
				CLANG_WARN_ENUM_CONVERSION = YES;
				CLANG_WARN_INFINITE_RECURSION = YES;
				CLANG_WARN_INT_CONVERSION = YES;
				CLANG_WARN_NON_LITERAL_NULL_CONVERSION = YES;
				CLANG_WARN_OBJC_IMPLICIT_RETAIN_SELF = YES;
				CLANG_WARN_OBJC_LITERAL_CONVERSION = YES;
				CLANG_WARN_OBJC_ROOT_CLASS = YES_ERROR;
				CLANG_WARN_QUOTED_INCLUDE_IN_FRAMEWORK_HEADER = YES;
				CLANG_WARN_RANGE_LOOP_ANALYSIS = YES;
				CLANG_WARN_STRICT_PROTOTYPES = YES;
				CLANG_WARN_SUSPICIOUS_MOVE = YES;
				CLANG_WARN_UNGUARDED_AVAILABILITY = YES_AGGRESSIVE;
				CLANG_WARN_UNREACHABLE_CODE = YES;
				CLANG_WARN__DUPLICATE_METHOD_MATCH = YES;
				COPY_PHASE_STRIP = NO;
				DEBUG_INFORMATION_FORMAT = "dwarf-with-dsym";
				ENABLE_NS_ASSERTIONS = NO;
				ENABLE_STRICT_OBJC_MSGSEND = YES;
				GCC_C_LANGUAGE_STANDARD = gnu11;
				GCC_NO_COMMON_BLOCKS = YES;
				GCC_WARN_64_TO_32_BIT_CONVERSION = YES;
				GCC_WARN_ABOUT_RETURN_TYPE = YES_ERROR;
				GCC_WARN_UNDECLARED_SELECTOR = YES;
				GCC_WARN_UNINITIALIZED_AUTOS = YES_AGGRESSIVE;
				GCC_WARN_UNUSED_FUNCTION = YES;
				GCC_WARN_UNUSED_VARIABLE = YES;
				IPHONEOS_DEPLOYMENT_TARGET = 15.5;
				MTL_ENABLE_DEBUG_INFO = NO;
				MTL_FAST_MATH = YES;
				SDKROOT = iphoneos;
				SWIFT_COMPILATION_MODE = wholemodule;
				SWIFT_OPTIMIZATION_LEVEL = "-O";
				VALIDATE_PRODUCT = YES;
			};
			name = Release;
		};
		35F5F91028AA47070031FC3D /* Debug */ = {
			isa = XCBuildConfiguration;
			buildSettings = {
				ASSETCATALOG_COMPILER_APPICON_NAME = AppIcon;
				ASSETCATALOG_COMPILER_GLOBAL_ACCENT_COLOR_NAME = AccentColor;
				CODE_SIGN_STYLE = Automatic;
				CURRENT_PROJECT_VERSION = 1;
				DEVELOPMENT_ASSET_PATHS = "\"War Card Game/Preview Content\"";
				DEVELOPMENT_TEAM = F5MZ88W8CN;
				ENABLE_PREVIEWS = YES;
				GENERATE_INFOPLIST_FILE = YES;
				INFOPLIST_KEY_UIApplicationSceneManifest_Generation = YES;
				INFOPLIST_KEY_UIApplicationSupportsIndirectInputEvents = YES;
				INFOPLIST_KEY_UILaunchScreen_Generation = YES;
				INFOPLIST_KEY_UISupportedInterfaceOrientations_iPad = "UIInterfaceOrientationPortrait UIInterfaceOrientationPortraitUpsideDown UIInterfaceOrientationLandscapeLeft UIInterfaceOrientationLandscapeRight";
				INFOPLIST_KEY_UISupportedInterfaceOrientations_iPhone = "UIInterfaceOrientationPortrait UIInterfaceOrientationLandscapeLeft UIInterfaceOrientationLandscapeRight";
				LD_RUNPATH_SEARCH_PATHS = (
					"$(inherited)",
					"@executable_path/Frameworks",
				);
				MARKETING_VERSION = 1.0;
				PRODUCT_BUNDLE_IDENTIFIER = "com.student..War-Card-Game";
				PRODUCT_NAME = "$(TARGET_NAME)";
				SWIFT_EMIT_LOC_STRINGS = YES;
				SWIFT_VERSION = 5.0;
				TARGETED_DEVICE_FAMILY = "1,2";
			};
			name = Debug;
		};
		35F5F91128AA47070031FC3D /* Release */ = {
			isa = XCBuildConfiguration;
			buildSettings = {
				ASSETCATALOG_COMPILER_APPICON_NAME = AppIcon;
				ASSETCATALOG_COMPILER_GLOBAL_ACCENT_COLOR_NAME = AccentColor;
				CODE_SIGN_STYLE = Automatic;
				CURRENT_PROJECT_VERSION = 1;
				DEVELOPMENT_ASSET_PATHS = "\"War Card Game/Preview Content\"";
				DEVELOPMENT_TEAM = F5MZ88W8CN;
				ENABLE_PREVIEWS = YES;
				GENERATE_INFOPLIST_FILE = YES;
				INFOPLIST_KEY_UIApplicationSceneManifest_Generation = YES;
				INFOPLIST_KEY_UIApplicationSupportsIndirectInputEvents = YES;
				INFOPLIST_KEY_UILaunchScreen_Generation = YES;
				INFOPLIST_KEY_UISupportedInterfaceOrientations_iPad = "UIInterfaceOrientationPortrait UIInterfaceOrientationPortraitUpsideDown UIInterfaceOrientationLandscapeLeft UIInterfaceOrientationLandscapeRight";
				INFOPLIST_KEY_UISupportedInterfaceOrientations_iPhone = "UIInterfaceOrientationPortrait UIInterfaceOrientationLandscapeLeft UIInterfaceOrientationLandscapeRight";
				LD_RUNPATH_SEARCH_PATHS = (
					"$(inherited)",
					"@executable_path/Frameworks",
				);
				MARKETING_VERSION = 1.0;
				PRODUCT_BUNDLE_IDENTIFIER = "com.student..War-Card-Game";
				PRODUCT_NAME = "$(TARGET_NAME)";
				SWIFT_EMIT_LOC_STRINGS = YES;
				SWIFT_VERSION = 5.0;
				TARGETED_DEVICE_FAMILY = "1,2";
			};
			name = Release;
		};
/* End XCBuildConfiguration section */

/* Begin XCConfigurationList section */
		35F5F8FC28AA47060031FC3D /* Build configuration list for PBXProject "War Card Game" */ = {
			isa = XCConfigurationList;
			buildConfigurations = (
				35F5F90D28AA47070031FC3D /* Debug */,
				35F5F90E28AA47070031FC3D /* Release */,
			);
			defaultConfigurationIsVisible = 0;
			defaultConfigurationName = Release;
		};
		35F5F90F28AA47070031FC3D /* Build configuration list for PBXNativeTarget "War Card Game" */ = {
			isa = XCConfigurationList;
			buildConfigurations = (
				35F5F91028AA47070031FC3D /* Debug */,
				35F5F91128AA47070031FC3D /* Release */,
			);
			defaultConfigurationIsVisible = 0;
			defaultConfigurationName = Release;
		};
/* End XCConfigurationList section */
	};
	rootObject = 35F5F8F928AA47060031FC3D /* Project object */;
}
